// !$*UTF8*$!
{
	archiveVersion = 1;
	classes = {
	};
	objectVersion = 46;
	objects = {

/* Begin PBXBuildFile section */
		224BD72B1C5F061F00168676 /* AppDelegate.swift in Sources */ = {isa = PBXBuildFile; fileRef = 224BD72A1C5F061F00168676 /* AppDelegate.swift */; };
		224BD72D1C5F061F00168676 /* ViewController.swift in Sources */ = {isa = PBXBuildFile; fileRef = 224BD72C1C5F061F00168676 /* ViewController.swift */; };
		224BD7301C5F061F00168676 /* Main.storyboard in Resources */ = {isa = PBXBuildFile; fileRef = 224BD72E1C5F061F00168676 /* Main.storyboard */; };
		224BD7321C5F061F00168676 /* Assets.xcassets in Resources */ = {isa = PBXBuildFile; fileRef = 224BD7311C5F061F00168676 /* Assets.xcassets */; };
		224BD7351C5F061F00168676 /* LaunchScreen.storyboard in Resources */ = {isa = PBXBuildFile; fileRef = 224BD7331C5F061F00168676 /* LaunchScreen.storyboard */; };
		224BD7401C5F061F00168676 /* Count_var_2Tests.swift in Sources */ = {isa = PBXBuildFile; fileRef = 224BD73F1C5F061F00168676 /* Count_var_2Tests.swift */; };
		224BD74B1C5F061F00168676 /* Count_var_2UITests.swift in Sources */ = {isa = PBXBuildFile; fileRef = 224BD74A1C5F061F00168676 /* Count_var_2UITests.swift */; };
		224BD7591C5F23F000168676 /* back.png in Resources */ = {isa = PBXBuildFile; fileRef = 224BD7581C5F23EF00168676 /* back.png */; };
		224BD75C1C5F261C00168676 /* minus.png in Resources */ = {isa = PBXBuildFile; fileRef = 224BD75A1C5F261C00168676 /* minus.png */; };
		224BD75D1C5F261C00168676 /* plus.png in Resources */ = {isa = PBXBuildFile; fileRef = 224BD75B1C5F261C00168676 /* plus.png */; };
/* End PBXBuildFile section */

/* Begin PBXContainerItemProxy section */
		224BD73C1C5F061F00168676 /* PBXContainerItemProxy */ = {
			isa = PBXContainerItemProxy;
			containerPortal = 224BD71F1C5F061F00168676 /* Project object */;
			proxyType = 1;
			remoteGlobalIDString = 224BD7261C5F061F00168676;
			remoteInfo = Count_var.2;
		};
		224BD7471C5F061F00168676 /* PBXContainerItemProxy */ = {
			isa = PBXContainerItemProxy;
			containerPortal = 224BD71F1C5F061F00168676 /* Project object */;
			proxyType = 1;
			remoteGlobalIDString = 224BD7261C5F061F00168676;
			remoteInfo = Count_var.2;
		};
/* End PBXContainerItemProxy section */

/* Begin PBXFileReference section */
		224BD7271C5F061F00168676 /* Count_var.2.app */ = {isa = PBXFileReference; explicitFileType = wrapper.application; includeInIndex = 0; path = Count_var.2.app; sourceTree = BUILT_PRODUCTS_DIR; };
		224BD72A1C5F061F00168676 /* AppDelegate.swift */ = {isa = PBXFileReference; lastKnownFileType = sourcecode.swift; path = AppDelegate.swift; sourceTree = "<group>"; };
		224BD72C1C5F061F00168676 /* ViewController.swift */ = {isa = PBXFileReference; lastKnownFileType = sourcecode.swift; path = ViewController.swift; sourceTree = "<group>"; };
		224BD72F1C5F061F00168676 /* Base */ = {isa = PBXFileReference; lastKnownFileType = file.storyboard; name = Base; path = Base.lproj/Main.storyboard; sourceTree = "<group>"; };
		224BD7311C5F061F00168676 /* Assets.xcassets */ = {isa = PBXFileReference; lastKnownFileType = folder.assetcatalog; path = Assets.xcassets; sourceTree = "<group>"; };
		224BD7341C5F061F00168676 /* Base */ = {isa = PBXFileReference; lastKnownFileType = file.storyboard; name = Base; path = Base.lproj/LaunchScreen.storyboard; sourceTree = "<group>"; };
		224BD7361C5F061F00168676 /* Info.plist */ = {isa = PBXFileReference; lastKnownFileType = text.plist.xml; path = Info.plist; sourceTree = "<group>"; };
		224BD73B1C5F061F00168676 /* Count_var.2Tests.xctest */ = {isa = PBXFileReference; explicitFileType = wrapper.cfbundle; includeInIndex = 0; path = Count_var.2Tests.xctest; sourceTree = BUILT_PRODUCTS_DIR; };
		224BD73F1C5F061F00168676 /* Count_var_2Tests.swift */ = {isa = PBXFileReference; lastKnownFileType = sourcecode.swift; path = Count_var_2Tests.swift; sourceTree = "<group>"; };
		224BD7411C5F061F00168676 /* Info.plist */ = {isa = PBXFileReference; lastKnownFileType = text.plist.xml; path = Info.plist; sourceTree = "<group>"; };
		224BD7461C5F061F00168676 /* Count_var.2UITests.xctest */ = {isa = PBXFileReference; explicitFileType = wrapper.cfbundle; includeInIndex = 0; path = Count_var.2UITests.xctest; sourceTree = BUILT_PRODUCTS_DIR; };
		224BD74A1C5F061F00168676 /* Count_var_2UITests.swift */ = {isa = PBXFileReference; lastKnownFileType = sourcecode.swift; path = Count_var_2UITests.swift; sourceTree = "<group>"; };
		224BD74C1C5F061F00168676 /* Info.plist */ = {isa = PBXFileReference; lastKnownFileType = text.plist.xml; path = Info.plist; sourceTree = "<group>"; };
		224BD7581C5F23EF00168676 /* back.png */ = {isa = PBXFileReference; lastKnownFileType = image.png; name = back.png; path = ../../back.png; sourceTree = "<group>"; };
		224BD75A1C5F261C00168676 /* minus.png */ = {isa = PBXFileReference; lastKnownFileType = image.png; name = minus.png; path = ../../minus.png; sourceTree = "<group>"; };
		224BD75B1C5F261C00168676 /* plus.png */ = {isa = PBXFileReference; lastKnownFileType = image.png; name = plus.png; path = ../../plus.png; sourceTree = "<group>"; };
/* End PBXFileReference section */

/* Begin PBXFrameworksBuildPhase section */
		224BD7241C5F061F00168676 /* Frameworks */ = {
			isa = PBXFrameworksBuildPhase;
			buildActionMask = 2147483647;
			files = (
			);
			runOnlyForDeploymentPostprocessing = 0;
		};
		224BD7381C5F061F00168676 /* Frameworks */ = {
			isa = PBXFrameworksBuildPhase;
			buildActionMask = 2147483647;
			files = (
			);
			runOnlyForDeploymentPostprocessing = 0;
		};
		224BD7431C5F061F00168676 /* Frameworks */ = {
			isa = PBXFrameworksBuildPhase;
			buildActionMask = 2147483647;
			files = (
			);
			runOnlyForDeploymentPostprocessing = 0;
		};
/* End PBXFrameworksBuildPhase section */

/* Begin PBXGroup section */
		224BD71E1C5F061F00168676 = {
			isa = PBXGroup;
			children = (
				224BD7291C5F061F00168676 /* Count_var.2 */,
				224BD73E1C5F061F00168676 /* Count_var.2Tests */,
				224BD7491C5F061F00168676 /* Count_var.2UITests */,
				224BD7281C5F061F00168676 /* Products */,
			);
			sourceTree = "<group>";
		};
		224BD7281C5F061F00168676 /* Products */ = {
			isa = PBXGroup;
			children = (
				224BD7271C5F061F00168676 /* Count_var.2.app */,
				224BD73B1C5F061F00168676 /* Count_var.2Tests.xctest */,
				224BD7461C5F061F00168676 /* Count_var.2UITests.xctest */,
			);
			name = Products;
			sourceTree = "<group>";
		};
		224BD7291C5F061F00168676 /* Count_var.2 */ = {
			isa = PBXGroup;
			children = (
				224BD75A1C5F261C00168676 /* minus.png */,
				224BD75B1C5F261C00168676 /* plus.png */,
				224BD72A1C5F061F00168676 /* AppDelegate.swift */,
				224BD7581C5F23EF00168676 /* back.png */,
				224BD72C1C5F061F00168676 /* ViewController.swift */,
				224BD72E1C5F061F00168676 /* Main.storyboard */,
				224BD7311C5F061F00168676 /* Assets.xcassets */,
				224BD7331C5F061F00168676 /* LaunchScreen.storyboard */,
				224BD7361C5F061F00168676 /* Info.plist */,
			);
			path = Count_var.2;
			sourceTree = "<group>";
		};
		224BD73E1C5F061F00168676 /* Count_var.2Tests */ = {
			isa = PBXGroup;
			children = (
				224BD73F1C5F061F00168676 /* Count_var_2Tests.swift */,
				224BD7411C5F061F00168676 /* Info.plist */,
			);
			path = Count_var.2Tests;
			sourceTree = "<group>";
		};
		224BD7491C5F061F00168676 /* Count_var.2UITests */ = {
			isa = PBXGroup;
			children = (
				224BD74A1C5F061F00168676 /* Count_var_2UITests.swift */,
				224BD74C1C5F061F00168676 /* Info.plist */,
			);
			path = Count_var.2UITests;
			sourceTree = "<group>";
		};
/* End PBXGroup section */

/* Begin PBXNativeTarget section */
		224BD7261C5F061F00168676 /* Count_var.2 */ = {
			isa = PBXNativeTarget;
			buildConfigurationList = 224BD74F1C5F061F00168676 /* Build configuration list for PBXNativeTarget "Count_var.2" */;
			buildPhases = (
				224BD7231C5F061F00168676 /* Sources */,
				224BD7241C5F061F00168676 /* Frameworks */,
				224BD7251C5F061F00168676 /* Resources */,
			);
			buildRules = (
			);
			dependencies = (
			);
			name = Count_var.2;
			productName = Count_var.2;
			productReference = 224BD7271C5F061F00168676 /* Count_var.2.app */;
			productType = "com.apple.product-type.application";
		};
		224BD73A1C5F061F00168676 /* Count_var.2Tests */ = {
			isa = PBXNativeTarget;
			buildConfigurationList = 224BD7521C5F061F00168676 /* Build configuration list for PBXNativeTarget "Count_var.2Tests" */;
			buildPhases = (
				224BD7371C5F061F00168676 /* Sources */,
				224BD7381C5F061F00168676 /* Frameworks */,
				224BD7391C5F061F00168676 /* Resources */,
			);
			buildRules = (
			);
			dependencies = (
				224BD73D1C5F061F00168676 /* PBXTargetDependency */,
			);
			name = Count_var.2Tests;
			productName = Count_var.2Tests;
			productReference = 224BD73B1C5F061F00168676 /* Count_var.2Tests.xctest */;
			productType = "com.apple.product-type.bundle.unit-test";
		};
		224BD7451C5F061F00168676 /* Count_var.2UITests */ = {
			isa = PBXNativeTarget;
			buildConfigurationList = 224BD7551C5F061F00168676 /* Build configuration list for PBXNativeTarget "Count_var.2UITests" */;
			buildPhases = (
				224BD7421C5F061F00168676 /* Sources */,
				224BD7431C5F061F00168676 /* Frameworks */,
				224BD7441C5F061F00168676 /* Resources */,
			);
			buildRules = (
			);
			dependencies = (
				224BD7481C5F061F00168676 /* PBXTargetDependency */,
			);
			name = Count_var.2UITests;
			productName = Count_var.2UITests;
			productReference = 224BD7461C5F061F00168676 /* Count_var.2UITests.xctest */;
			productType = "com.apple.product-type.bundle.ui-testing";
		};
/* End PBXNativeTarget section */

/* Begin PBXProject section */
		224BD71F1C5F061F00168676 /* Project object */ = {
			isa = PBXProject;
			attributes = {
				LastSwiftUpdateCheck = 0720;
				LastUpgradeCheck = 0720;
				ORGANIZATIONNAME = Honami;
				TargetAttributes = {
					224BD7261C5F061F00168676 = {
						CreatedOnToolsVersion = 7.2;
						DevelopmentTeam = WN23UMU3KS;
					};
					224BD73A1C5F061F00168676 = {
						CreatedOnToolsVersion = 7.2;
						DevelopmentTeam = WN23UMU3KS;
						TestTargetID = 224BD7261C5F061F00168676;
					};
					224BD7451C5F061F00168676 = {
						CreatedOnToolsVersion = 7.2;
						DevelopmentTeam = WN23UMU3KS;
						TestTargetID = 224BD7261C5F061F00168676;
					};
				};
			};
			buildConfigurationList = 224BD7221C5F061F00168676 /* Build configuration list for PBXProject "Count_var.2" */;
			compatibilityVersion = "Xcode 3.2";
			developmentRegion = English;
			hasScannedForEncodings = 0;
			knownRegions = (
				en,
				Base,
			);
			mainGroup = 224BD71E1C5F061F00168676;
			productRefGroup = 224BD7281C5F061F00168676 /* Products */;
			projectDirPath = "";
			projectRoot = "";
			targets = (
				224BD7261C5F061F00168676 /* Count_var.2 */,
				224BD73A1C5F061F00168676 /* Count_var.2Tests */,
				224BD7451C5F061F00168676 /* Count_var.2UITests */,
			);
		};
/* End PBXProject section */

/* Begin PBXResourcesBuildPhase section */
		224BD7251C5F061F00168676 /* Resources */ = {
			isa = PBXResourcesBuildPhase;
			buildActionMask = 2147483647;
			files = (
				224BD7591C5F23F000168676 /* back.png in Resources */,
				224BD7351C5F061F00168676 /* LaunchScreen.storyboard in Resources */,
				224BD7321C5F061F00168676 /* Assets.xcassets in Resources */,
				224BD75C1C5F261C00168676 /* minus.png in Resources */,
				224BD7301C5F061F00168676 /* Main.storyboard in Resources */,
				224BD75D1C5F261C00168676 /* plus.png in Resources */,
			);
			runOnlyForDeploymentPostprocessing = 0;
		};
		224BD7391C5F061F00168676 /* Resources */ = {
			isa = PBXResourcesBuildPhase;
			buildActionMask = 2147483647;
			files = (
			);
			runOnlyForDeploymentPostprocessing = 0;
		};
		224BD7441C5F061F00168676 /* Resources */ = {
			isa = PBXResourcesBuildPhase;
			buildActionMask = 2147483647;
			files = (
			);
			runOnlyForDeploymentPostprocessing = 0;
		};
/* End PBXResourcesBuildPhase section */

/* Begin PBXSourcesBuildPhase section */
		224BD7231C5F061F00168676 /* Sources */ = {
			isa = PBXSourcesBuildPhase;
			buildActionMask = 2147483647;
			files = (
				224BD72D1C5F061F00168676 /* ViewController.swift in Sources */,
				224BD72B1C5F061F00168676 /* AppDelegate.swift in Sources */,
			);
			runOnlyForDeploymentPostprocessing = 0;
		};
		224BD7371C5F061F00168676 /* Sources */ = {
			isa = PBXSourcesBuildPhase;
			buildActionMask = 2147483647;
			files = (
				224BD7401C5F061F00168676 /* Count_var_2Tests.swift in Sources */,
			);
			runOnlyForDeploymentPostprocessing = 0;
		};
		224BD7421C5F061F00168676 /* Sources */ = {
			isa = PBXSourcesBuildPhase;
			buildActionMask = 2147483647;
			files = (
				224BD74B1C5F061F00168676 /* Count_var_2UITests.swift in Sources */,
			);
			runOnlyForDeploymentPostprocessing = 0;
		};
/* End PBXSourcesBuildPhase section */

/* Begin PBXTargetDependency section */
		224BD73D1C5F061F00168676 /* PBXTargetDependency */ = {
			isa = PBXTargetDependency;
			target = 224BD7261C5F061F00168676 /* Count_var.2 */;
			targetProxy = 224BD73C1C5F061F00168676 /* PBXContainerItemProxy */;
		};
		224BD7481C5F061F00168676 /* PBXTargetDependency */ = {
			isa = PBXTargetDependency;
			target = 224BD7261C5F061F00168676 /* Count_var.2 */;
			targetProxy = 224BD7471C5F061F00168676 /* PBXContainerItemProxy */;
		};
/* End PBXTargetDependency section */

/* Begin PBXVariantGroup section */
		224BD72E1C5F061F00168676 /* Main.storyboard */ = {
			isa = PBXVariantGroup;
			children = (
				224BD72F1C5F061F00168676 /* Base */,
			);
			name = Main.storyboard;
			sourceTree = "<group>";
		};
		224BD7331C5F061F00168676 /* LaunchScreen.storyboard */ = {
			isa = PBXVariantGroup;
			children = (
				224BD7341C5F061F00168676 /* Base */,
			);
			name = LaunchScreen.storyboard;
			sourceTree = "<group>";
		};
/* End PBXVariantGroup section */

/* Begin XCBuildConfiguration section */
		224BD74D1C5F061F00168676 /* Debug */ = {
			isa = XCBuildConfiguration;
			buildSettings = {
				ALWAYS_SEARCH_USER_PATHS = NO;
				CLANG_CXX_LANGUAGE_STANDARD = "gnu++0x";
				CLANG_CXX_LIBRARY = "libc++";
				CLANG_ENABLE_MODULES = YES;
				CLANG_ENABLE_OBJC_ARC = YES;
				CLANG_WARN_BOOL_CONVERSION = YES;
				CLANG_WARN_CONSTANT_CONVERSION = YES;
				CLANG_WARN_DIRECT_OBJC_ISA_USAGE = YES_ERROR;
				CLANG_WARN_EMPTY_BODY = YES;
				CLANG_WARN_ENUM_CONVERSION = YES;
				CLANG_WARN_INT_CONVERSION = YES;
				CLANG_WARN_OBJC_ROOT_CLASS = YES_ERROR;
				CLANG_WARN_UNREACHABLE_CODE = YES;
				CLANG_WARN__DUPLICATE_METHOD_MATCH = YES;
				"CODE_SIGN_IDENTITY[sdk=iphoneos*]" = "iPhone Developer";
				COPY_PHASE_STRIP = NO;
				DEBUG_INFORMATION_FORMAT = dwarf;
				ENABLE_STRICT_OBJC_MSGSEND = YES;
				ENABLE_TESTABILITY = YES;
				GCC_C_LANGUAGE_STANDARD = gnu99;
				GCC_DYNAMIC_NO_PIC = NO;
				GCC_NO_COMMON_BLOCKS = YES;
				GCC_OPTIMIZATION_LEVEL = 0;
				GCC_PREPROCESSOR_DEFINITIONS = (
					"DEBUG=1",
					"$(inherited)",
				);
				GCC_WARN_64_TO_32_BIT_CONVERSION = YES;
				GCC_WARN_ABOUT_RETURN_TYPE = YES_ERROR;
				GCC_WARN_UNDECLARED_SELECTOR = YES;
				GCC_WARN_UNINITIALIZED_AUTOS = YES_AGGRESSIVE;
				GCC_WARN_UNUSED_FUNCTION = YES;
				GCC_WARN_UNUSED_VARIABLE = YES;
				IPHONEOS_DEPLOYMENT_TARGET = 9.2;
				MTL_ENABLE_DEBUG_INFO = YES;
				ONLY_ACTIVE_ARCH = YES;
				SDKROOT = iphoneos;
				SWIFT_OPTIMIZATION_LEVEL = "-Onone";
			};
			name = Debug;
		};
		224BD74E1C5F061F00168676 /* Release */ = {
			isa = XCBuildConfiguration;
			buildSettings = {
				ALWAYS_SEARCH_USER_PATHS = NO;
				CLANG_CXX_LANGUAGE_STANDARD = "gnu++0x";
				CLANG_CXX_LIBRARY = "libc++";
				CLANG_ENABLE_MODULES = YES;
				CLANG_ENABLE_OBJC_ARC = YES;
				CLANG_WARN_BOOL_CONVERSION = YES;
				CLANG_WARN_CONSTANT_CONVERSION = YES;
				CLANG_WARN_DIRECT_OBJC_ISA_USAGE = YES_ERROR;
				CLANG_WARN_EMPTY_BODY = YES;
				CLANG_WARN_ENUM_CONVERSION = YES;
				CLANG_WARN_INT_CONVERSION = YES;
				CLANG_WARN_OBJC_ROOT_CLASS = YES_ERROR;
				CLANG_WARN_UNREACHABLE_CODE = YES;
				CLANG_WARN__DUPLICATE_METHOD_MATCH = YES;
				"CODE_SIGN_IDENTITY[sdk=iphoneos*]" = "iPhone Developer";
				COPY_PHASE_STRIP = NO;
				DEBUG_INFORMATION_FORMAT = "dwarf-with-dsym";
				ENABLE_NS_ASSERTIONS = NO;
				ENABLE_STRICT_OBJC_MSGSEND = YES;
				GCC_C_LANGUAGE_STANDARD = gnu99;
				GCC_NO_COMMON_BLOCKS = YES;
				GCC_WARN_64_TO_32_BIT_CONVERSION = YES;
				GCC_WARN_ABOUT_RETURN_TYPE = YES_ERROR;
				GCC_WARN_UNDECLARED_SELECTOR = YES;
				GCC_WARN_UNINITIALIZED_AUTOS = YES_AGGRESSIVE;
				GCC_WARN_UNUSED_FUNCTION = YES;
				GCC_WARN_UNUSED_VARIABLE = YES;
				IPHONEOS_DEPLOYMENT_TARGET = 9.2;
				MTL_ENABLE_DEBUG_INFO = NO;
				SDKROOT = iphoneos;
				VALIDATE_PRODUCT = YES;
			};
			name = Release;
		};
		224BD7501C5F061F00168676 /* Debug */ = {
			isa = XCBuildConfiguration;
			buildSettings = {
				ASSETCATALOG_COMPILER_APPICON_NAME = AppIcon;
				CODE_SIGN_IDENTITY = "iPhone Developer";
				INFOPLIST_FILE = Count_var.2/Info.plist;
				LD_RUNPATH_SEARCH_PATHS = "$(inherited) @executable_path/Frameworks";
				PRODUCT_BUNDLE_IDENTIFIER = "Honami.Count-var-2";
				PRODUCT_NAME = "$(TARGET_NAME)";
				TARGETED_DEVICE_FAMILY = 1;
			};
			name = Debug;
		};
		224BD7511C5F061F00168676 /* Release */ = {
			isa = XCBuildConfiguration;
			buildSettings = {
				ASSETCATALOG_COMPILER_APPICON_NAME = AppIcon;
				CODE_SIGN_IDENTITY = "iPhone Developer";
				INFOPLIST_FILE = Count_var.2/Info.plist;
				LD_RUNPATH_SEARCH_PATHS = "$(inherited) @executable_path/Frameworks";
				PRODUCT_BUNDLE_IDENTIFIER = "Honami.Count-var-2";
				PRODUCT_NAME = "$(TARGET_NAME)";
				TARGETED_DEVICE_FAMILY = 1;
			};
			name = Release;
		};
		224BD7531C5F061F00168676 /* Debug */ = {
			isa = XCBuildConfiguration;
			buildSettings = {
				BUNDLE_LOADER = "$(TEST_HOST)";
				INFOPLIST_FILE = Count_var.2Tests/Info.plist;
				LD_RUNPATH_SEARCH_PATHS = "$(inherited) @executable_path/Frameworks @loader_path/Frameworks";
				PRODUCT_BUNDLE_IDENTIFIER = "Honami.Count-var-2Tests";
				PRODUCT_NAME = "$(TARGET_NAME)";
				TEST_HOST = "$(BUILT_PRODUCTS_DIR)/Count_var.2.app/Count_var.2";
			};
			name = Debug;
		};
		224BD7541C5F061F00168676 /* Release */ = {
			isa = XCBuildConfiguration;
			buildSettings = {
				BUNDLE_LOADER = "$(TEST_HOST)";
				INFOPLIST_FILE = Count_var.2Tests/Info.plist;
				LD_RUNPATH_SEARCH_PATHS = "$(inherited) @executable_path/Frameworks @loader_path/Frameworks";
				PRODUCT_BUNDLE_IDENTIFIER = "Honami.Count-var-2Tests";
				PRODUCT_NAME = "$(TARGET_NAME)";
				TEST_HOST = "$(BUILT_PRODUCTS_DIR)/Count_var.2.app/Count_var.2";
			};
			name = Release;
		};
		224BD7561C5F061F00168676 /* Debug */ = {
			isa = XCBuildConfiguration;
			buildSettings = {
				INFOPLIST_FILE = Count_var.2UITests/Info.plist;
				LD_RUNPATH_SEARCH_PATHS = "$(inherited) @executable_path/Frameworks @loader_path/Frameworks";
				PRODUCT_BUNDLE_IDENTIFIER = "Honami.Count-var-2UITests";
				PRODUCT_NAME = "$(TARGET_NAME)";
				TEST_TARGET_NAME = Count_var.2;
				USES_XCTRUNNER = YES;
			};
			name = Debug;
		};
		224BD7571C5F061F00168676 /* Release */ = {
			isa = XCBuildConfiguration;
			buildSettings = {
				INFOPLIST_FILE = Count_var.2UITests/Info.plist;
				LD_RUNPATH_SEARCH_PATHS = "$(inherited) @executable_path/Frameworks @loader_path/Frameworks";
				PRODUCT_BUNDLE_IDENTIFIER = "Honami.Count-var-2UITests";
				PRODUCT_NAME = "$(TARGET_NAME)";
				TEST_TARGET_NAME = Count_var.2;
				USES_XCTRUNNER = YES;
			};
			name = Release;
		};
/* End XCBuildConfiguration section */

/* Begin XCConfigurationList section */
		224BD7221C5F061F00168676 /* Build configuration list for PBXProject "Count_var.2" */ = {
			isa = XCConfigurationList;
			buildConfigurations = (
				224BD74D1C5F061F00168676 /* Debug */,
				224BD74E1C5F061F00168676 /* Release */,
			);
			defaultConfigurationIsVisible = 0;
			defaultConfigurationName = Release;
		};
		224BD74F1C5F061F00168676 /* Build configuration list for PBXNativeTarget "Count_var.2" */ = {
			isa = XCConfigurationList;
			buildConfigurations = (
				224BD7501C5F061F00168676 /* Debug */,
				224BD7511C5F061F00168676 /* Release */,
			);
			defaultConfigurationIsVisible = 0;
		};
		224BD7521C5F061F00168676 /* Build configuration list for PBXNativeTarget "Count_var.2Tests" */ = {
			isa = XCConfigurationList;
			buildConfigurations = (
				224BD7531C5F061F00168676 /* Debug */,
				224BD7541C5F061F00168676 /* Release */,
			);
			defaultConfigurationIsVisible = 0;
		};
		224BD7551C5F061F00168676 /* Build configuration list for PBXNativeTarget "Count_var.2UITests" */ = {
			isa = XCConfigurationList;
			buildConfigurations = (
				224BD7561C5F061F00168676 /* Debug */,
				224BD7571C5F061F00168676 /* Release */,
			);
			defaultConfigurationIsVisible = 0;
		};
/* End XCConfigurationList section */
	};
	rootObject = 224BD71F1C5F061F00168676 /* Project object */;
}
